// !$*UTF8*$!
{
	archiveVersion = 1;
	classes = {
	};
	objectVersion = 46;
	objects = {

/* Begin PBXBuildFile section */
		F496D9431C89128200EE2460 /* AppDelegate.swift in Sources */ = {isa = PBXBuildFile; fileRef = F496D9421C89128200EE2460 /* AppDelegate.swift */; };
		F496D9451C89128200EE2460 /* ViewController.swift in Sources */ = {isa = PBXBuildFile; fileRef = F496D9441C89128200EE2460 /* ViewController.swift */; };
		F496D9481C89128200EE2460 /* Main.storyboard in Resources */ = {isa = PBXBuildFile; fileRef = F496D9461C89128200EE2460 /* Main.storyboard */; };
		F496D94A1C89128200EE2460 /* Assets.xcassets in Resources */ = {isa = PBXBuildFile; fileRef = F496D9491C89128200EE2460 /* Assets.xcassets */; };
		F496D94D1C89128200EE2460 /* LaunchScreen.storyboard in Resources */ = {isa = PBXBuildFile; fileRef = F496D94B1C89128200EE2460 /* LaunchScreen.storyboard */; };
		F4E5762B1C8B01700046BDA6 /* IMG_0747.JPG in Resources */ = {isa = PBXBuildFile; fileRef = F4E5762A1C8B01700046BDA6 /* IMG_0747.JPG */; };
/* End PBXBuildFile section */

/* Begin PBXFileReference section */
		F496D93F1C89128200EE2460 /* Github Xcode Demo.app */ = {isa = PBXFileReference; explicitFileType = wrapper.application; includeInIndex = 0; path = "Github Xcode Demo.app"; sourceTree = BUILT_PRODUCTS_DIR; };
		F496D9421C89128200EE2460 /* AppDelegate.swift */ = {isa = PBXFileReference; lastKnownFileType = sourcecode.swift; path = AppDelegate.swift; sourceTree = "<group>"; };
		F496D9441C89128200EE2460 /* ViewController.swift */ = {isa = PBXFileReference; lastKnownFileType = sourcecode.swift; path = ViewController.swift; sourceTree = "<group>"; };
		F496D9471C89128200EE2460 /* Base */ = {isa = PBXFileReference; lastKnownFileType = file.storyboard; name = Base; path = Base.lproj/Main.storyboard; sourceTree = "<group>"; };
		F496D9491C89128200EE2460 /* Assets.xcassets */ = {isa = PBXFileReference; lastKnownFileType = folder.assetcatalog; path = Assets.xcassets; sourceTree = "<group>"; };
		F496D94C1C89128200EE2460 /* Base */ = {isa = PBXFileReference; lastKnownFileType = file.storyboard; name = Base; path = Base.lproj/LaunchScreen.storyboard; sourceTree = "<group>"; };
		F496D94E1C89128200EE2460 /* Info.plist */ = {isa = PBXFileReference; lastKnownFileType = text.plist.xml; path = Info.plist; sourceTree = "<group>"; };
		F4E5762A1C8B01700046BDA6 /* IMG_0747.JPG */ = {isa = PBXFileReference; lastKnownFileType = image.jpeg; path = IMG_0747.JPG; sourceTree = "<group>"; };
/* End PBXFileReference section */

/* Begin PBXFrameworksBuildPhase section */
		F496D93C1C89128200EE2460 /* Frameworks */ = {
			isa = PBXFrameworksBuildPhase;
			buildActionMask = 2147483647;
			files = (
			);
			runOnlyForDeploymentPostprocessing = 0;
		};
/* End PBXFrameworksBuildPhase section */

/* Begin PBXGroup section */
		F496D9361C89128200EE2460 = {
			isa = PBXGroup;
			children = (
				F496D9411C89128200EE2460 /* Github Xcode Demo */,
				F496D9401C89128200EE2460 /* Products */,
				F4E5762C1C8B017A0046BDA6 /* Images */,
			);
			sourceTree = "<group>";
		};
		F496D9401C89128200EE2460 /* Products */ = {
			isa = PBXGroup;
			children = (
				F496D93F1C89128200EE2460 /* Github Xcode Demo.app */,
			);
			name = Products;
			sourceTree = "<group>";
		};
		F496D9411C89128200EE2460 /* Github Xcode Demo */ = {
			isa = PBXGroup;
			children = (
				F496D9421C89128200EE2460 /* AppDelegate.swift */,
				F496D9441C89128200EE2460 /* ViewController.swift */,
				F496D9461C89128200EE2460 /* Main.storyboard */,
				F496D9491C89128200EE2460 /* Assets.xcassets */,
				F496D94B1C89128200EE2460 /* LaunchScreen.storyboard */,
				F496D94E1C89128200EE2460 /* Info.plist */,
			);
			path = "Github Xcode Demo";
			sourceTree = "<group>";
		};
		F4E5762C1C8B017A0046BDA6 /* Images */ = {
			isa = PBXGroup;
			children = (
				F4E5762A1C8B01700046BDA6 /* IMG_0747.JPG */,
			);
			name = Images;
			sourceTree = "<group>";
		};
/* End PBXGroup section */

/* Begin PBXNativeTarget section */
		F496D93E1C89128200EE2460 /* Github Xcode Demo */ = {
			isa = PBXNativeTarget;
			buildConfigurationList = F496D9511C89128200EE2460 /* Build configuration list for PBXNativeTarget "Github Xcode Demo" */;
			buildPhases = (
				F496D93B1C89128200EE2460 /* Sources */,
				F496D93C1C89128200EE2460 /* Frameworks */,
				F496D93D1C89128200EE2460 /* Resources */,
			);
			buildRules = (
			);
			dependencies = (
			);
			name = "Github Xcode Demo";
			productName = "Github Xcode Demo";
			productReference = F496D93F1C89128200EE2460 /* Github Xcode Demo.app */;
			productType = "com.apple.product-type.application";
		};
/* End PBXNativeTarget section */

/* Begin PBXProject section */
		F496D9371C89128200EE2460 /* Project object */ = {
			isa = PBXProject;
			attributes = {
				LastSwiftUpdateCheck = 0720;
				LastUpgradeCheck = 0720;
				ORGANIZATIONNAME = loungingrabbit;
				TargetAttributes = {
					F496D93E1C89128200EE2460 = {
						CreatedOnToolsVersion = 7.2.1;
					};
				};
			};
			buildConfigurationList = F496D93A1C89128200EE2460 /* Build configuration list for PBXProject "Github Xcode Demo" */;
			compatibilityVersion = "Xcode 3.2";
			developmentRegion = English;
			hasScannedForEncodings = 0;
			knownRegions = (
				en,
				Base,
			);
			mainGroup = F496D9361C89128200EE2460;
			productRefGroup = F496D9401C89128200EE2460 /* Products */;
			projectDirPath = "";
			projectRoot = "";
			targets = (
				F496D93E1C89128200EE2460 /* Github Xcode Demo */,
			);
		};
/* End PBXProject section */

/* Begin PBXResourcesBuildPhase section */
		F496D93D1C89128200EE2460 /* Resources */ = {
			isa = PBXResourcesBuildPhase;
			buildActionMask = 2147483647;
			files = (
				F496D94D1C89128200EE2460 /* LaunchScreen.storyboard in Resources */,
				F4E5762B1C8B01700046BDA6 /* IMG_0747.JPG in Resources */,
				F496D94A1C89128200EE2460 /* Assets.xcassets in Resources */,
				F496D9481C89128200EE2460 /* Main.storyboard in Resources */,
			);
			runOnlyForDeploymentPostprocessing = 0;
		};
/* End PBXResourcesBuildPhase section */

/* Begin PBXSourcesBuildPhase section */
		F496D93B1C89128200EE2460 /* Sources */ = {
			isa = PBXSourcesBuildPhase;
			buildActionMask = 2147483647;
			files = (
				F496D9451C89128200EE2460 /* ViewController.swift in Sources */,
				F496D9431C89128200EE2460 /* AppDelegate.swift in Sources */,
			);
			runOnlyForDeploymentPostprocessing = 0;
		};
/* End PBXSourcesBuildPhase section */

/* Begin PBXVariantGroup section */
		F496D9461C89128200EE2460 /* Main.storyboard */ = {
			isa = PBXVariantGroup;
			children = (
				F496D9471C89128200EE2460 /* Base */,
			);
			name = Main.storyboard;
			sourceTree = "<group>";
		};
		F496D94B1C89128200EE2460 /* LaunchScreen.storyboard */ = {
			isa = PBXVariantGroup;
			children = (
				F496D94C1C89128200EE2460 /* Base */,
			);
			name = LaunchScreen.storyboard;
			sourceTree = "<group>";
		};
/* End PBXVariantGroup section */

/* Begin XCBuildConfiguration section */
		F496D94F1C89128200EE2460 /* Debug */ = {
			isa = XCBuildConfiguration;
			buildSettings = {
				ALWAYS_SEARCH_USER_PATHS = NO;
				CLANG_CXX_LANGUAGE_STANDARD = "gnu++0x";
				CLANG_CXX_LIBRARY = "libc++";
				CLANG_ENABLE_MODULES = YES;
				CLANG_ENABLE_OBJC_ARC = YES;
				CLANG_WARN_BOOL_CONVERSION = YES;
				CLANG_WARN_CONSTANT_CONVERSION = YES;
				CLANG_WARN_DIRECT_OBJC_ISA_USAGE = YES_ERROR;
				CLANG_WARN_EMPTY_BODY = YES;
				CLANG_WARN_ENUM_CONVERSION = YES;
				CLANG_WARN_INT_CONVERSION = YES;
				CLANG_WARN_OBJC_ROOT_CLASS = YES_ERROR;
				CLANG_WARN_UNREACHABLE_CODE = YES;
				CLANG_WARN__DUPLICATE_METHOD_MATCH = YES;
				"CODE_SIGN_IDENTITY[sdk=iphoneos*]" = "iPhone Developer";
				COPY_PHASE_STRIP = NO;
				DEBUG_INFORMATION_FORMAT = dwarf;
				ENABLE_STRICT_OBJC_MSGSEND = YES;
				ENABLE_TESTABILITY = YES;
				GCC_C_LANGUAGE_STANDARD = gnu99;
				GCC_DYNAMIC_NO_PIC = NO;
				GCC_NO_COMMON_BLOCKS = YES;
				GCC_OPTIMIZATION_LEVEL = 0;
				GCC_PREPROCESSOR_DEFINITIONS = (
					"DEBUG=1",
					"$(inherited)",
				);
				GCC_WARN_64_TO_32_BIT_CONVERSION = YES;
				GCC_WARN_ABOUT_RETURN_TYPE = YES_ERROR;
				GCC_WARN_UNDECLARED_SELECTOR = YES;
				GCC_WARN_UNINITIALIZED_AUTOS = YES_AGGRESSIVE;
				GCC_WARN_UNUSED_FUNCTION = YES;
				GCC_WARN_UNUSED_VARIABLE = YES;
				IPHONEOS_DEPLOYMENT_TARGET = 9.2;
				MTL_ENABLE_DEBUG_INFO = YES;
				ONLY_ACTIVE_ARCH = YES;
				SDKROOT = iphoneos;
				SWIFT_OPTIMIZATION_LEVEL = "-Onone";
			};
			name = Debug;
		};
		F496D9501C89128200EE2460 /* Release */ = {
			isa = XCBuildConfiguration;
			buildSettings = {
				ALWAYS_SEARCH_USER_PATHS = NO;
				CLANG_CXX_LANGUAGE_STANDARD = "gnu++0x";
				CLANG_CXX_LIBRARY = "libc++";
				CLANG_ENABLE_MODULES = YES;
				CLANG_ENABLE_OBJC_ARC = YES;
				CLANG_WARN_BOOL_CONVERSION = YES;
				CLANG_WARN_CONSTANT_CONVERSION = YES;
				CLANG_WARN_DIRECT_OBJC_ISA_USAGE = YES_ERROR;
				CLANG_WARN_EMPTY_BODY = YES;
				CLANG_WARN_ENUM_CONVERSION = YES;
				CLANG_WARN_INT_CONVERSION = YES;
				CLANG_WARN_OBJC_ROOT_CLASS = YES_ERROR;
				CLANG_WARN_UNREACHABLE_CODE = YES;
				CLANG_WARN__DUPLICATE_METHOD_MATCH = YES;
				"CODE_SIGN_IDENTITY[sdk=iphoneos*]" = "iPhone Developer";
				COPY_PHASE_STRIP = NO;
				DEBUG_INFORMATION_FORMAT = "dwarf-with-dsym";
				ENABLE_NS_ASSERTIONS = NO;
				ENABLE_STRICT_OBJC_MSGSEND = YES;
				GCC_C_LANGUAGE_STANDARD = gnu99;
				GCC_NO_COMMON_BLOCKS = YES;
				GCC_WARN_64_TO_32_BIT_CONVERSION = YES;
				GCC_WARN_ABOUT_RETURN_TYPE = YES_ERROR;
				GCC_WARN_UNDECLARED_SELECTOR = YES;
				GCC_WARN_UNINITIALIZED_AUTOS = YES_AGGRESSIVE;
				GCC_WARN_UNUSED_FUNCTION = YES;
				GCC_WARN_UNUSED_VARIABLE = YES;
				IPHONEOS_DEPLOYMENT_TARGET = 9.2;
				MTL_ENABLE_DEBUG_INFO = NO;
				SDKROOT = iphoneos;
				VALIDATE_PRODUCT = YES;
			};
			name = Release;
		};
		F496D9521C89128200EE2460 /* Debug */ = {
			isa = XCBuildConfiguration;
			buildSettings = {
				ASSETCATALOG_COMPILER_APPICON_NAME = AppIcon;
				INFOPLIST_FILE = "Github Xcode Demo/Info.plist";
				LD_RUNPATH_SEARCH_PATHS = "$(inherited) @executable_path/Frameworks";
				PRODUCT_BUNDLE_IDENTIFIER = "com.loungingrabbit.Github-Xcode-Demo";
				PRODUCT_NAME = "$(TARGET_NAME)";
			};
			name = Debug;
		};
		F496D9531C89128200EE2460 /* Release */ = {
			isa = XCBuildConfiguration;
			buildSettings = {
				ASSETCATALOG_COMPILER_APPICON_NAME = AppIcon;
				INFOPLIST_FILE = "Github Xcode Demo/Info.plist";
				LD_RUNPATH_SEARCH_PATHS = "$(inherited) @executable_path/Frameworks";
				PRODUCT_BUNDLE_IDENTIFIER = "com.loungingrabbit.Github-Xcode-Demo";
				PRODUCT_NAME = "$(TARGET_NAME)";
			};
			name = Release;
		};
/* End XCBuildConfiguration section */

/* Begin XCConfigurationList section */
		F496D93A1C89128200EE2460 /* Build configuration list for PBXProject "Github Xcode Demo" */ = {
			isa = XCConfigurationList;
			buildConfigurations = (
				F496D94F1C89128200EE2460 /* Debug */,
				F496D9501C89128200EE2460 /* Release */,
			);
			defaultConfigurationIsVisible = 0;
			defaultConfigurationName = Release;
		};
		F496D9511C89128200EE2460 /* Build configuration list for PBXNativeTarget "Github Xcode Demo" */ = {
			isa = XCConfigurationList;
			buildConfigurations = (
				F496D9521C89128200EE2460 /* Debug */,
				F496D9531C89128200EE2460 /* Release */,
			);
			defaultConfigurationIsVisible = 0;
			defaultConfigurationName = Release;
		};
/* End XCConfigurationList section */
	};
	rootObject = F496D9371C89128200EE2460 /* Project object */;
}
